
Microsoft Visual Studio Solution File, Format Version 12.00
# Visual Studio Version 16
VisualStudioVersion = 16.0.30128.74
MinimumVisualStudioVersion = 15.0.26124.0
Project("{9A19103F-16F7-4668-BE54-9A1E7A4F7556}") = "Domain", "Domain\Domain.csproj", "{A9D39F8A-DE77-4F26-823C-875A83BD8E10}"
EndProject
Project("{9A19103F-16F7-4668-BE54-9A1E7A4F7556}") = "Application", "Application\Application.csproj", "{A48104C9-CB4B-4A74-89D7-B670FD903B12}"
EndProject
Project("{9A19103F-16F7-4668-BE54-9A1E7A4F7556}") = "Persistance", "Persistance\Persistance.csproj", "{5CA7FBF1-C86A-471B-80D0-A8F09996D75B}"
EndProject
Project("{9A19103F-16F7-4668-BE54-9A1E7A4F7556}") = "API", "API\API.csproj", "{7D68FB10-A880-48EE-94FE-E17FB45712F6}"
EndProject
Global
	GlobalSection(SolutionConfigurationPlatforms) = preSolution
		Debug|Any CPU = Debug|Any CPU
		Debug|x64 = Debug|x64
		Debug|x86 = Debug|x86
		Release|Any CPU = Release|Any CPU
		Release|x64 = Release|x64
		Release|x86 = Release|x86
	EndGlobalSection
	GlobalSection(ProjectConfigurationPlatforms) = postSolution
		{A9D39F8A-DE77-4F26-823C-875A83BD8E10}.Debug|Any CPU.ActiveCfg = Debug|Any CPU
		{A9D39F8A-DE77-4F26-823C-875A83BD8E10}.Debug|Any CPU.Build.0 = Debug|Any CPU
		{A9D39F8A-DE77-4F26-823C-875A83BD8E10}.Debug|x64.ActiveCfg = Debug|Any CPU
		{A9D39F8A-DE77-4F26-823C-875A83BD8E10}.Debug|x64.Build.0 = Debug|Any CPU
		{A9D39F8A-DE77-4F26-823C-875A83BD8E10}.Debug|x86.ActiveCfg = Debug|Any CPU
		{A9D39F8A-DE77-4F26-823C-875A83BD8E10}.Debug|x86.Build.0 = Debug|Any CPU
		{A9D39F8A-DE77-4F26-823C-875A83BD8E10}.Release|Any CPU.ActiveCfg = Release|Any CPU
		{A9D39F8A-DE77-4F26-823C-875A83BD8E10}.Release|Any CPU.Build.0 = Release|Any CPU
		{A9D39F8A-DE77-4F26-823C-875A83BD8E10}.Release|x64.ActiveCfg = Release|Any CPU
		{A9D39F8A-DE77-4F26-823C-875A83BD8E10}.Release|x64.Build.0 = Release|Any CPU
		{A9D39F8A-DE77-4F26-823C-875A83BD8E10}.Release|x86.ActiveCfg = Release|Any CPU
		{A9D39F8A-DE77-4F26-823C-875A83BD8E10}.Release|x86.Build.0 = Release|Any CPU
		{A48104C9-CB4B-4A74-89D7-B670FD903B12}.Debug|Any CPU.ActiveCfg = Debug|Any CPU
		{A48104C9-CB4B-4A74-89D7-B670FD903B12}.Debug|Any CPU.Build.0 = Debug|Any CPU
		{A48104C9-CB4B-4A74-89D7-B670FD903B12}.Debug|x64.ActiveCfg = Debug|Any CPU
		{A48104C9-CB4B-4A74-89D7-B670FD903B12}.Debug|x64.Build.0 = Debug|Any CPU
		{A48104C9-CB4B-4A74-89D7-B670FD903B12}.Debug|x86.ActiveCfg = Debug|Any CPU
		{A48104C9-CB4B-4A74-89D7-B670FD903B12}.Debug|x86.Build.0 = Debug|Any CPU
		{A48104C9-CB4B-4A74-89D7-B670FD903B12}.Release|Any CPU.ActiveCfg = Release|Any CPU
		{A48104C9-CB4B-4A74-89D7-B670FD903B12}.Release|Any CPU.Build.0 = Release|Any CPU
		{A48104C9-CB4B-4A74-89D7-B670FD903B12}.Release|x64.ActiveCfg = Release|Any CPU
		{A48104C9-CB4B-4A74-89D7-B670FD903B12}.Release|x64.Build.0 = Release|Any CPU
		{A48104C9-CB4B-4A74-89D7-B670FD903B12}.Release|x86.ActiveCfg = Release|Any CPU
		{A48104C9-CB4B-4A74-89D7-B670FD903B12}.Release|x86.Build.0 = Release|Any CPU
		{5CA7FBF1-C86A-471B-80D0-A8F09996D75B}.Debug|Any CPU.ActiveCfg = Debug|Any CPU
		{5CA7FBF1-C86A-471B-80D0-A8F09996D75B}.Debug|Any CPU.Build.0 = Debug|Any CPU
		{5CA7FBF1-C86A-471B-80D0-A8F09996D75B}.Debug|x64.ActiveCfg = Debug|Any CPU
		{5CA7FBF1-C86A-471B-80D0-A8F09996D75B}.Debug|x64.Build.0 = Debug|Any CPU
		{5CA7FBF1-C86A-471B-80D0-A8F09996D75B}.Debug|x86.ActiveCfg = Debug|Any CPU
		{5CA7FBF1-C86A-471B-80D0-A8F09996D75B}.Debug|x86.Build.0 = Debug|Any CPU
		{5CA7FBF1-C86A-471B-80D0-A8F09996D75B}.Release|Any CPU.ActiveCfg = Release|Any CPU
		{5CA7FBF1-C86A-471B-80D0-A8F09996D75B}.Release|Any CPU.Build.0 = Release|Any CPU
		{5CA7FBF1-C86A-471B-80D0-A8F09996D75B}.Release|x64.ActiveCfg = Release|Any CPU
		{5CA7FBF1-C86A-471B-80D0-A8F09996D75B}.Release|x64.Build.0 = Release|Any CPU
		{5CA7FBF1-C86A-471B-80D0-A8F09996D75B}.Release|x86.ActiveCfg = Release|Any CPU
		{5CA7FBF1-C86A-471B-80D0-A8F09996D75B}.Release|x86.Build.0 = Release|Any CPU
		{7D68FB10-A880-48EE-94FE-E17FB45712F6}.Debug|Any CPU.ActiveCfg = Debug|Any CPU
		{7D68FB10-A880-48EE-94FE-E17FB45712F6}.Debug|Any CPU.Build.0 = Debug|Any CPU
		{7D68FB10-A880-48EE-94FE-E17FB45712F6}.Debug|x64.ActiveCfg = Debug|Any CPU
		{7D68FB10-A880-48EE-94FE-E17FB45712F6}.Debug|x64.Build.0 = Debug|Any CPU
		{7D68FB10-A880-48EE-94FE-E17FB45712F6}.Debug|x86.ActiveCfg = Debug|Any CPU
		{7D68FB10-A880-48EE-94FE-E17FB45712F6}.Debug|x86.Build.0 = Debug|Any CPU
		{7D68FB10-A880-48EE-94FE-E17FB45712F6}.Release|Any CPU.ActiveCfg = Release|Any CPU
		{7D68FB10-A880-48EE-94FE-E17FB45712F6}.Release|Any CPU.Build.0 = Release|Any CPU
		{7D68FB10-A880-48EE-94FE-E17FB45712F6}.Release|x64.ActiveCfg = Release|Any CPU
		{7D68FB10-A880-48EE-94FE-E17FB45712F6}.Release|x64.Build.0 = Release|Any CPU
		{7D68FB10-A880-48EE-94FE-E17FB45712F6}.Release|x86.ActiveCfg = Release|Any CPU
		{7D68FB10-A880-48EE-94FE-E17FB45712F6}.Release|x86.Build.0 = Release|Any CPU
	EndGlobalSection
	GlobalSection(SolutionProperties) = preSolution
		HideSolutionNode = FALSE
	EndGlobalSection
	GlobalSection(ExtensibilityGlobals) = postSolution
		SolutionGuid = {E171BA46-DBAF-4F3B-8320-6410D25FE1C1}
	EndGlobalSection
EndGlobal
